
Microsoft Visual Studio Solution File, Format Version 12.00
# Visual Studio Version 16
VisualStudioVersion = 16.0.30413.136
MinimumVisualStudioVersion = 10.0.40219.1
Project("{9A19103F-16F7-4668-BE54-9A1E7A4F7556}") = "FrameworkFundamentals", "FrameworkFundamentals\FrameworkFundamentals.csproj", "{7B6E7D01-8BF6-4FE1-BB30-0EBCEFE1C32F}"
EndProject
Project("{9A19103F-16F7-4668-BE54-9A1E7A4F7556}") = "FrameworkFundamentals.Tests", "FrameworkFundamentals.Tests\FrameworkFundamentals.Tests.csproj", "{F0B61D25-A599-417F-A3CB-5F76B865AB14}"
EndProject
Project("{9A19103F-16F7-4668-BE54-9A1E7A4F7556}") = "DelegatesAndLambdas", "DelegatesAndLambdas\DelegatesAndLambdas.csproj", "{CA799652-E9A6-46EF-9849-840508D5AE30}"
EndProject
Project("{9A19103F-16F7-4668-BE54-9A1E7A4F7556}") = "DelegatesAndLambdas.Tests", "DelegatesAndLambdas.Tests\DelegatesAndLambdas.Tests.csproj", "{2D609264-F923-44D8-8511-58E9F940FE3A}"
EndProject
Project("{9A19103F-16F7-4668-BE54-9A1E7A4F7556}") = "GenericsAndCollections", "GenericsAndCollections\GenericsAndCollections.csproj", "{78E8AD90-4199-45F9-903E-B89B713D5742}"
EndProject
Project("{FAE04EC0-301F-11D3-BF4B-00C04F79EFBC}") = "GenericsAndCollections.Tests", "GenericsAndCollections.Tests\GenericsAndCollections.Tests.csproj", "{3D3E8434-858A-4EAA-BD41-2139CF180F03}"
EndProject
Global
	GlobalSection(SolutionConfigurationPlatforms) = preSolution
		Debug|Any CPU = Debug|Any CPU
		Release|Any CPU = Release|Any CPU
	EndGlobalSection
	GlobalSection(ProjectConfigurationPlatforms) = postSolution
		{7B6E7D01-8BF6-4FE1-BB30-0EBCEFE1C32F}.Debug|Any CPU.ActiveCfg = Debug|Any CPU
		{7B6E7D01-8BF6-4FE1-BB30-0EBCEFE1C32F}.Debug|Any CPU.Build.0 = Debug|Any CPU
		{7B6E7D01-8BF6-4FE1-BB30-0EBCEFE1C32F}.Release|Any CPU.ActiveCfg = Release|Any CPU
		{7B6E7D01-8BF6-4FE1-BB30-0EBCEFE1C32F}.Release|Any CPU.Build.0 = Release|Any CPU
		{F0B61D25-A599-417F-A3CB-5F76B865AB14}.Debug|Any CPU.ActiveCfg = Debug|Any CPU
		{F0B61D25-A599-417F-A3CB-5F76B865AB14}.Debug|Any CPU.Build.0 = Debug|Any CPU
		{F0B61D25-A599-417F-A3CB-5F76B865AB14}.Release|Any CPU.ActiveCfg = Release|Any CPU
		{F0B61D25-A599-417F-A3CB-5F76B865AB14}.Release|Any CPU.Build.0 = Release|Any CPU
		{CA799652-E9A6-46EF-9849-840508D5AE30}.Debug|Any CPU.ActiveCfg = Debug|Any CPU
		{CA799652-E9A6-46EF-9849-840508D5AE30}.Debug|Any CPU.Build.0 = Debug|Any CPU
		{CA799652-E9A6-46EF-9849-840508D5AE30}.Release|Any CPU.ActiveCfg = Release|Any CPU
		{CA799652-E9A6-46EF-9849-840508D5AE30}.Release|Any CPU.Build.0 = Release|Any CPU
		{2D609264-F923-44D8-8511-58E9F940FE3A}.Debug|Any CPU.ActiveCfg = Debug|Any CPU
		{2D609264-F923-44D8-8511-58E9F940FE3A}.Debug|Any CPU.Build.0 = Debug|Any CPU
		{2D609264-F923-44D8-8511-58E9F940FE3A}.Release|Any CPU.ActiveCfg = Release|Any CPU
		{2D609264-F923-44D8-8511-58E9F940FE3A}.Release|Any CPU.Build.0 = Release|Any CPU
		{78E8AD90-4199-45F9-903E-B89B713D5742}.Debug|Any CPU.ActiveCfg = Debug|Any CPU
		{78E8AD90-4199-45F9-903E-B89B713D5742}.Debug|Any CPU.Build.0 = Debug|Any CPU
		{78E8AD90-4199-45F9-903E-B89B713D5742}.Release|Any CPU.ActiveCfg = Release|Any CPU
		{78E8AD90-4199-45F9-903E-B89B713D5742}.Release|Any CPU.Build.0 = Release|Any CPU
		{3D3E8434-858A-4EAA-BD41-2139CF180F03}.Debug|Any CPU.ActiveCfg = Debug|Any CPU
		{3D3E8434-858A-4EAA-BD41-2139CF180F03}.Debug|Any CPU.Build.0 = Debug|Any CPU
		{3D3E8434-858A-4EAA-BD41-2139CF180F03}.Release|Any CPU.ActiveCfg = Release|Any CPU
		{3D3E8434-858A-4EAA-BD41-2139CF180F03}.Release|Any CPU.Build.0 = Release|Any CPU
	EndGlobalSection
	GlobalSection(SolutionProperties) = preSolution
		HideSolutionNode = FALSE
	EndGlobalSection
	GlobalSection(ExtensibilityGlobals) = postSolution
		SolutionGuid = {4AB0F1CC-640E-4588-9A7B-0BF026163FDD}
	EndGlobalSection
EndGlobal
